version = 1
revision = 3
requires-python = ">=3.14"
resolution-markers = [
    "sys_platform == 'win32'",
    "sys_platform == 'emscripten'",
    "sys_platform != 'emscripten' and sys_platform != 'win32'",
]

[[package]]
name = "certifi"
version = "2026.7.22"
source = { registry = "https://pypi.org/simple" }
sdist = { url = "https://files.pythonhosted.org/packages/a3/c2/24167ea9858356b47a87a50d39908bfdb72ceeefe0041586e704e5376b3a/certifi-2026.7.22.tar.gz", hash = "sha256:741e2c3b351ddf169a738da9f2c048608ff7f2c5cc02f1ebc6b118bb090d5d55", size = 138112, upload-time = "2026-07-22T03:35:12.644Z" }
wheels = [
    { url = "https://files.pythonhosted.org/packages/0b/a7/71ac2cff56fec219ed242bb11b8efb69fcc4bec75db06fb7bfe35de520e6/certifi-2026.7.22-py3-none-any.whl", hash = "sha256:62f22742b58a1a33014a2b6b706588a8d7e2a88ae7bd1a6ebe8c992928483775", size = 136983, upload-time = "2026-07-22T03:35:11.276Z" },
]

[[package]]
name = "deep-learning"
version = "0.1.0"
source = { virtual = "." }
dependencies = [
    { name = "geopandas" },
    { name = "pandas" },
]

[package.metadata]
requires-dist = [
    { name = "geopandas", specifier = ">=1.1.4" },
    { name = "pandas", specifier = ">=3.0.5" },
]

[[package]]
name = "geopandas"
version = "1.1.4"
source = { registry = "https://pypi.org/simple" }
dependencies = [
    { name = "numpy" },
    { name = "packaging" },
    { name = "pandas" },
    { name = "pyogrio" },
    { name = "pyproj" },
    { name = "shapely" },
]
sdist = { url = "https://files.pythonhosted.org/packages/39/a9/0478b74a33aea66827c10baaf6025cb2a17e44b1c117533eecd3e977bb75/geopandas-1.1.4.tar.gz", hash = "sha256:06f2890a07e1a239047daa14b486a7c6ae5ce82dcf7405e13c46bf31f5d0dd66", size = 337445, upload-time = "2026-06-26T17:23:54.497Z" }
wheels = [
    { url = "https://files.pythonhosted.org/packages/59/a8/bd530cc264e62ddbc1d1bb7225823992e6f2432c664693e9281bb6b9c359/geopandas-1.1.4-py3-none-any.whl", hash = "sha256:1a0c459cbdb1537cd154dafe6174be20d1760844b7f1c967dc8520b180f2e773", size = 343292, upload-time = "2026-06-26T17:23:53.112Z" },
]

[[package]]
name = "numpy"
version = "2.5.2"
source = { registry = "https://pypi.org/simple" }
sdist = { url = "https://files.pythonhosted.org/packages/9a/80/db0b4559e57ec36362bedbb05530a87fafbcb6067708c946967a41d449e7/numpy-2.5.2.tar.gz", hash = "sha256:d482d171c406ae88c5b19cad3b6a1c4c5209f886ab74bc44c2c865c23f52d860", size = 20773161, upload-time = "2026-08-09T13:48:27.962Z" }
wheels = [
    { url = "https://files.pythonhosted.org/packages/ac/f8/c3b222bf075b50afd8e949a07a15c4b312a4a84bd8102a332bcd953cbbb4/numpy-2.5.2-cp314-cp314-macosx_10_15_x86_64.whl", hash = "sha256:d787cf769c3baeb5f6235e778edb52c08dfa923789b5958f28e6450f96107cb1", size = 16885180, upload-time = "2026-08-09T13:46:03.939Z" },
    { url = "https://files.pythonhosted.org/packages/17/e1/2c1d4b1987795a92b5bbf7c24fe249ab96aa2573ab0d7604802c189d7b86/numpy-2.5.2-cp314-cp314-macosx_11_0_arm64.whl", hash = "sha256:24b9dc2e3d84aa58523798805194e23e736f3f6ce2d1a5b92583ae734e6dbda8", size = 11907878, upload-time = "2026-08-09T13:46:07.045Z" },
    { url = "https://files.pythonhosted.org/packages/b9/ee/d08226fc858044355983a6e5b94f08ff6f3969e0a2b160a4a89f0ddb3445/numpy-2.5.2-cp314-cp314-macosx_14_0_arm64.whl", hash = "sha256:9e9413326d726c2545bfa65d2c0876871e8d8386e77f992c1d426e180bbd4323", size = 5354922, upload-time = "2026-08-09T13:46:10.04Z" },
    { url = "https://files.pythonhosted.org/packages/94/f0/6d3d933056440ebbc5e6bad92065fc6c26a48a84a36b1208580e94eea76c/numpy-2.5.2-cp314-cp314-macosx_14_0_x86_64.whl", hash = "sha256:60e902ac295855348a5ca2ea4c89108989a9f5fddfad3dfc0a8f36b10358567e", size = 6679168, upload-time = "2026-08-09T13:46:12.275Z" },
    { url = "https://files.pythonhosted.org/packages/c4/3b/ecd49dd90033cceb2704d88ca905d4d7d89b0e8c739608754ffd325fa820/numpy-2.5.2-cp314-cp314-manylinux_2_27_aarch64.manylinux_2_28_aarch64.whl", hash = "sha256:50e500dc868e9313530ce12ba470fe50ff3afe3d62993ed6eff652dacd555b65", size = 15624501, upload-time = "2026-08-09T13:46:15.322Z" },
    { url = "https://files.pythonhosted.org/packages/c7/99/461bd36dbdfac6c1c53efa370bd55a83227542d0d118f1677dbf1a3dacd5/numpy-2.5.2-cp314-cp314-manylinux_2_27_x86_64.manylinux_2_28_x86_64.whl", hash = "sha256:318b9a4c845dbea06708a29c84ee429cc3065048db34cdb799047643492050ee", size = 16713701, upload-time = "2026-08-09T13:46:18.949Z" },
    { url = "https://files.pythonhosted.org/packages/f9/9c/2b251df9e8a5d647b62b0cbc1b90a91850c1cf4859ecb532fd0b4eacff6c/numpy-2.5.2-cp314-cp314-musllinux_1_2_aarch64.whl", hash = "sha256:34c319e2963be042673fb46570501b2f06c41924e17e3563d58646b4380dfb68", size = 16986065, upload-time = "2026-08-09T13:46:23.006Z" },
    { url = "https://files.pythonhosted.org/packages/8f/25/20de43f53ff1390534a124475055a19f01fe10c920a0fd11b8e18d6d6052/numpy-2.5.2-cp314-cp314-musllinux_1_2_x86_64.whl", hash = "sha256:f06571a052127dc1b4e8b83029b4d1b20daa2b64a31cdd181fc6bc774e9000eb", size = 18470031, upload-time = "2026-08-09T13:46:27.102Z" },
    { url = "https://files.pythonhosted.org/packages/56/5e/0c577ca308d6da5eb79b546ba10bbe5b60148192194e2da060913b1de4f1/numpy-2.5.2-cp314-cp314-win32.whl", hash = "sha256:2cc779226e476d1e1f08c74068c419e60f41a9e0e069c92f6671d31d5c985e98", size = 6121028, upload-time = "2026-08-09T13:46:30.046Z" },
    { url = "https://files.pythonhosted.org/packages/15/5c/7bcbd5b11f94199073320410cddcbb80cee62415bfeb540874b265c2d922/numpy-2.5.2-cp314-cp314-win_amd64.whl", hash = "sha256:7587f53dfbd5edc0f7b87c6217b4c6d2d1f2ef9c3da70bc1315e7db5f8d7ec9d", size = 12597627, upload-time = "2026-08-09T13:46:32.886Z" },
    { url = "https://files.pythonhosted.org/packages/87/bc/4d0b06fba0da90ccc75af62823cb9dcedb6c9ea0cffa058cb2c9ee773a77/numpy-2.5.2-cp314-cp314-win_arm64.whl", hash = "sha256:3e4c367352d3747784248a227fbec218e193b56f7e6692e3b64fc805478ecfdf", size = 10680414, upload-time = "2026-08-09T13:46:36.036Z" },
    { url = "https://files.pythonhosted.org/packages/cd/17/f429aac9dc08833a0d0f188eba38c532a751b1a1f2ca6018a37b455cb321/numpy-2.5.2-cp314-cp314t-macosx_11_0_arm64.whl", hash = "sha256:b879fb674276e331513fb136b78dbc6bd3c848309e0d841cfd63be3896c4cfc1", size = 12026967, upload-time = "2026-08-09T13:46:39.084Z" },
    { url = "https://files.pythonhosted.org/packages/ca/9f/d0849de96a2a4ceaa16662f18ee13eaa9c0aa418269fdc8c4857c56b11da/numpy-2.5.2-cp314-cp314t-macosx_14_0_arm64.whl", hash = "sha256:fd0d703772bba096843785bd38371e31bb4a0c1151497ad5739d182114a73f7f", size = 5473874, upload-time = "2026-08-09T13:46:42.075Z" },
    { url = "https://files.pythonhosted.org/packages/89/3c/8df216d4a4a5422a3de045301cf7df8ea47286d76f5cb7160b0128ac26b7/numpy-2.5.2-cp314-cp314t-macosx_14_0_x86_64.whl", hash = "sha256:3a2f061cebd9e3d23bdcfaaded5e2293a4c6a5b60fa42df85d410a725ce621bf", size = 6789276, upload-time = "2026-08-09T13:46:44.387Z" },
    { url = "https://files.pythonhosted.org/packages/e6/3a/20d7e9891c4ddfadd6ff8d95bf4b29f353d8e1770553de2099880551dfb9/numpy-2.5.2-cp314-cp314t-manylinux_2_27_aarch64.manylinux_2_28_aarch64.whl", hash = "sha256:6df895598c0edcb41030126c89e0f353b07d93238116143b7405e937359736c4", size = 15659154, upload-time = "2026-08-09T13:46:47.538Z" },
    { url = "https://files.pythonhosted.org/packages/aa/d6/f3aa3d2688bf501b858835c6bd087ae9b51a56ae6fca8e2b0990abd177af/numpy-2.5.2-cp314-cp314t-manylinux_2_27_x86_64.manylinux_2_28_x86_64.whl", hash = "sha256:1ab3d4a901f844ea836c3e80bf463c6a27d7f3c14e8e292fcf28d348b25b9bce", size = 16748909, upload-time = "2026-08-09T13:46:51.442Z" },
    { url = "https://files.pythonhosted.org/packages/7d/8f/1c5cae8d2baf86ab802ae97a00be55bc7e21ebc11b12bbc33376c5f05342/numpy-2.5.2-cp314-cp314t-musllinux_1_2_aarch64.whl", hash = "sha256:cebc2d6dbb605a7703d59751dea4bd6b0ab127a5a4338a6f432df1936fef8b26", size = 17027685, upload-time = "2026-08-09T13:46:55.095Z" },
    { url = "https://files.pythonhosted.org/packages/5c/27/71d3467404aedc1c24ce79610f91b52b0b0f466c43a701aa56fc75c145ab/numpy-2.5.2-cp314-cp314t-musllinux_1_2_x86_64.whl", hash = "sha256:eaca7ff36f0f52e2111ec71f169d8fd3e889e7ddc0d2592e0d703fd8d3ce8fac", size = 18501181, upload-time = "2026-08-09T13:46:59.09Z" },
    { url = "https://files.pythonhosted.org/packages/14/2f/42921d27c40aea7e077f4a423ae509fd9220b028cd787bafefd8ab2b3a5f/numpy-2.5.2-cp314-cp314t-win32.whl", hash = "sha256:ddf47472af2e4280d79bac82304f5e80150211f1b9e614b760061d5fdfbb6eba", size = 6271085, upload-time = "2026-08-09T13:47:01.903Z" },
    { url = "https://files.pythonhosted.org/packages/75/e6/bad5f5d56de9b1971bac959963dda276d35c40f1854475005434bbe08692/numpy-2.5.2-cp314-cp314t-win_amd64.whl", hash = "sha256:44ef9675d908e65f9953063837c3277730f3f4437615a4cdab67b366cabaf884", size = 12787971, upload-time = "2026-08-09T13:47:04.963Z" },
    { url = "https://files.pythonhosted.org/packages/df/05/f608795cb34391acd67e38d94a3c36abd8d8576293a3a80727d7595c372c/numpy-2.5.2-cp314-cp314t-win_arm64.whl", hash = "sha256:eaa088384c46f519dacb93b7ec483a6d6b19a4a2085ae4f25ab9b1c43d387d1e", size = 10750306, upload-time = "2026-08-09T13:47:07.976Z" },
    { url = "https://files.pythonhosted.org/packages/33/c6/28de0191c5f82b7d42a0a51390ba98587048aa93a39fafb05bdbe6e8d00c/numpy-2.5.2-cp315-cp315-macosx_10_15_x86_64.whl", hash = "sha256:078f9b027b478c9379b9677babbf0f8b8f1ecfada27636d7b9a93990c638739f", size = 16885274, upload-time = "2026-08-09T13:47:11.439Z" },
    { url = "https://files.pythonhosted.org/packages/dd/d1/973ca116000d244897e468ea1aff30b589e5022e3c8744b71706fe33bd57/numpy-2.5.2-cp315-cp315-macosx_11_0_arm64.whl", hash = "sha256:50a68f4bacd8a2b33d8da3d2269d0d78500f86ea582e4786dc10f5ef2c2c6842", size = 11907846, upload-time = "2026-08-09T13:47:15.128Z" },
    { url = "https://files.pythonhosted.org/packages/78/d9/8c4b3937ef204cb2fd88d389ccd0f265a2ffb11f35a01d2064cf46714bd6/numpy-2.5.2-cp315-cp315-macosx_14_0_arm64.whl", hash = "sha256:e79aba74ffaf5f78a050d777c184cddf8fdffabab38acf5f3ef1fecbc17895d6", size = 5354892, upload-time = "2026-08-09T13:47:18.07Z" },
    { url = "https://files.pythonhosted.org/packages/74/9b/b6ee65ea2999fdb7023935e108e6fb776ee4082aa15f159acfa857e578c8/numpy-2.5.2-cp315-cp315-macosx_14_0_x86_64.whl", hash = "sha256:9a0731745a72a184490a582fb4af2533512bd071ace67785b5fdffc0ae58dce8", size = 6679309, upload-time = "2026-08-09T13:47:20.456Z" },
    { url = "https://files.pythonhosted.org/packages/43/f3/acb18d8b137a393c8e7803a8c994c9e64bde3930692a69d826993113a159/numpy-2.5.2-cp315-cp315-manylinux_2_27_aarch64.manylinux_2_28_aarch64.whl", hash = "sha256:4ec954036759bcee3aa484f8603bd9c14f3e776293b85578b8734c2d72777c69", size = 15625850, upload-time = "2026-08-09T13:47:24.365Z" },
    { url = "https://files.pythonhosted.org/packages/a9/bf/a8e9bb0db815a0e265b5744ebedd3af0bd5faad8604e5b50a1cd012f3c91/numpy-2.5.2-cp315-cp315-manylinux_2_27_x86_64.manylinux_2_28_x86_64.whl", hash = "sha256:dc649493697006bc90614a5f0bbc8cb3cb1866715c474e473694968d7e6b99ab", size = 16713664, upload-time = "2026-08-09T13:47:27.965Z" },
    { url = "https://files.pythonhosted.org/packages/0c/c3/6e913736b3dd6582344af32418b5fb9dab34282e8a8174ae1d54ceb0fc13/numpy-2.5.2-cp315-cp315-musllinux_1_2_aarch64.whl", hash = "sha256:cf7de32f486e4ac9e2d93b810f9e9ac72a728dd46a32a0bb403222f27f653514", size = 16986749, upload-time = "2026-08-09T13:47:31.541Z" },
    { url = "https://files.pythonhosted.org/packages/80/09/7d3b23eff5c7428ef6c01e6f7052bb60d504c4d33e317b36b8959c24ad97/numpy-2.5.2-cp315-cp315-musllinux_1_2_x86_64.whl", hash = "sha256:2ffa7bacab3e2ee1b19ed31766bb60bb380b68c23f051e199c5cc598afd68710", size = 18470495, upload-time = "2026-08-09T13:47:35.364Z" },
    { url = "https://files.pythonhosted.org/packages/a5/a4/68a321d825374f6eb677ffe8ef8c6b9a328304e6fd2e39d9530822776607/numpy-2.5.2-cp315-cp315-win32.whl", hash = "sha256:6b588cc8f902d6bff201c19fd00c43ab8545671e3554d014e12e14139e5e8617", size = 6120696, upload-time = "2026-08-09T13:47:38.561Z" },
    { url = "https://files.pythonhosted.org/packages/c8/23/deafbb1700f79fae9cd1e91220f133d124cc267de1b584da3fbf6db2f6cd/numpy-2.5.2-cp315-cp315-win_amd64.whl", hash = "sha256:07d4e89f3a9ab0a9ba24264ccdb642b3dd951b2281e8883a5481a4aa79cc31a7", size = 12597324, upload-time = "2026-08-09T13:47:41.401Z" },
    { url = "https://files.pythonhosted.org/packages/33/cd/3272ba105e3bbbdaeb11357eda31e7a6825ffe159e8171665660299a948f/numpy-2.5.2-cp315-cp315-win_arm64.whl", hash = "sha256:a610dc7e3c52edd39c2bc2375ff9c3fd59cb3ad00e4472d36f83bc1457145788", size = 10680466, upload-time = "2026-08-09T13:47:44.873Z" },
    { url = "https://files.pythonhosted.org/packages/0e/0e/58370637b1bb70a5c9ce2b43f4b521ccb224e36ccb76a6596b17ae4b447c/numpy-2.5.2-cp315-cp315t-macosx_10_15_x86_64.whl", hash = "sha256:40f4d451aed46a8046a1aae41c4e55fb3612273df9c502480135e1501576a34b", size = 16993947, upload-time = "2026-08-09T13:47:48.97Z" },
    { url = "https://files.pythonhosted.org/packages/10/93/2abcb807712b289d6d60fe4cf30532f98974a8396d885650f3ba5a13026e/numpy-2.5.2-cp315-cp315t-macosx_11_0_arm64.whl", hash = "sha256:c081cbe16ba1ab53078e5ff29013621e33c509eedab055775d956427712c236e", size = 12025331, upload-time = "2026-08-09T13:47:52.646Z" },
    { url = "https://files.pythonhosted.org/packages/8b/3a/2898e003a5fbaf87e76c039b4ee1f5eb390471b4ffe74887c1f34c4e791e/numpy-2.5.2-cp315-cp315t-macosx_14_0_arm64.whl", hash = "sha256:0090ccdd57ec2703e9b49d0bf554767370581c1dd0a6b2bb2b2d9def317d042a", size = 5472336, upload-time = "2026-08-09T13:47:55.403Z" },
    { url = "https://files.pythonhosted.org/packages/61/a5/23f69d07c544597b29758b31b55c27dc9d541012a2c1496189fef702aec2/numpy-2.5.2-cp315-cp315t-macosx_14_0_x86_64.whl", hash = "sha256:6a9bb119fb8dd21ba30b3f0e555b7e2b081bd9883af21ec9c1c633d161cda3a8", size = 6788387, upload-time = "2026-08-09T13:47:58.192Z" },
    { url = "https://files.pythonhosted.org/packages/15/ea/c0dbdbcf22f43782510a3e492dd3da73c6112b69cac8929d16d127536fc4/numpy-2.5.2-cp315-cp315t-manylinux_2_27_aarch64.manylinux_2_28_aarch64.whl", hash = "sha256:a839318485284a6fb31be4f8f2c91c8f2cb22f4543c4a8903f12b0671ffe07cc", size = 15667096, upload-time = "2026-08-09T13:48:01.562Z" },
    { url = "https://files.pythonhosted.org/packages/fc/5e/29c73c31748cdb0f7566642125ba17fd5b56780cddf891b085dab27e4466/numpy-2.5.2-cp315-cp315t-manylinux_2_27_x86_64.manylinux_2_28_x86_64.whl", hash = "sha256:ba0a474801b8dc67b66bf465548abc90e82b44d2611b5770f33008dcabffe8ec", size = 16751730, upload-time = "2026-08-09T13:48:05.706Z" },
    { url = "https://files.pythonhosted.org/packages/47/95/02501e8454796bb58dadf7a99d3181e0b464bf264e1003039572f9779fac/numpy-2.5.2-cp315-cp315t-musllinux_1_2_aarch64.whl", hash = "sha256:0a4035ae1129ff8777f08bfbd44f1e5d8e9c049ce0c2dd78fc0d92c13e7251c0", size = 17038686, upload-time = "2026-08-09T13:48:09.627Z" },
    { url = "https://files.pythonhosted.org/packages/0e/b5/53a681d91b5c82687067d8ea5035e02d917b5509d6f334cb06484a954714/numpy-2.5.2-cp315-cp315t-musllinux_1_2_x86_64.whl", hash = "sha256:77843ca236b777e67f8d6b3660ea116e499612703a0ecd7093f316201eb9d8e2", size = 18507727, upload-time = "2026-08-09T13:48:13.744Z" },
    { url = "https://files.pythonhosted.org/packages/42/06/6e11443f7b64ee376c860506091103bf68f92d2cab9e8d96d4501babf07c/numpy-2.5.2-cp315-cp315t-win32.whl", hash = "sha256:7354826bc6f8f69402e9b7fe28d15fcd34feebd74f856f111585c5b0c9fb0251", size = 6269775, upload-time = "2026-08-09T13:48:17.543Z" },
    { url = "https://files.pythonhosted.org/packages/f1/18/195d6b86cd72dbbc501edfa778005fa6b87afd34c153e46028cd3a0938f4/numpy-2.5.2-cp315-cp315t-win_amd64.whl", hash = "sha256:e5651f3f87add730ee6608d915009e19c911fba0cb000c7e3ea994b7d768eb12", size = 12782559, upload-time = "2026-08-09T13:48:21.023Z" },
    { url = "https://files.pythonhosted.org/packages/b4/07/458c344f0f0c178f4481dad5cca790626ffe4c34eabf9467069d06ee4999/numpy-2.5.2-cp315-cp315t-win_arm64.whl", hash = "sha256:5f8e00be2ec6f45f4e8a41a527f68d44a7d96fee92a650e4d8b1326f77f61e6e", size = 10748103, upload-time = "2026-08-09T13:48:24.21Z" },
]

[[package]]
name = "packaging"
version = "26.3"
source = { registry = "https://pypi.org/simple" }
sdist = { url = "https://files.pythonhosted.org/packages/7d/fa/3944b40b07da9ce895c0e6303a5ab7d53da063554f534556b134a54d6093/packaging-26.3.tar.gz", hash = "sha256:94edc256424af38762eb31306eed28beb9f0efc50a8837492c9d6fd6004aed79", size = 313412, upload-time = "2026-08-04T18:15:28.737Z" }
wheels = [
    { url = "https://files.pythonhosted.org/packages/63/34/ba1c580383c9eada3711951fef0795c80b829a078d72188184bcab9dd527/packaging-26.3-py3-none-any.whl", hash = "sha256:d7193f7c8e4e93f444fde0262bf90af30e16fa0ad0ad44cb553c87339b23cd1c", size = 129956, upload-time = "2026-08-04T18:15:27.159Z" },
]

[[package]]
name = "pandas"
version = "3.0.5"
source = { registry = "https://pypi.org/simple" }
dependencies = [
    { name = "numpy" },
    { name = "python-dateutil" },
    { name = "tzdata", marker = "sys_platform == 'emscripten' or sys_platform == 'win32'" },
]
sdist = { url = "https://files.pythonhosted.org/packages/be/4f/5f3422a2afec5ffc46308b79e53291365a93748b498ac2e58bead0197916/pandas-3.0.5.tar.gz", hash = "sha256:dca3734d6ab7c906e6730f0788b0a1dbb9f2467731f9711f77995c8e9d62d712", size = 4658219, upload-time = "2026-07-22T22:19:28.819Z" }
wheels = [
    { url = "https://files.pythonhosted.org/packages/51/2f/cf6aae281264f4463f0875bcbb15fd2bb6d291cc535187dad1732475e4a9/pandas-3.0.5-cp314-cp314-macosx_10_15_x86_64.whl", hash = "sha256:2f264fc46911cc8131a7322a16199bbf8e353d27c10bb211f5bd0c814324dc36", size = 10390034, upload-time = "2026-07-22T22:18:49.818Z" },
    { url = "https://files.pythonhosted.org/packages/06/ec/5189518c7a7659c4bdcc6b1eb32c46c6f3c86b0661ffd84143d1112c7732/pandas-3.0.5-cp314-cp314-macosx_11_0_arm64.whl", hash = "sha256:53730687fcd161883b24e10411c06d6a4c0f2275d2faf3bb2bc25deb4ba8007c", size = 9980065, upload-time = "2026-07-22T22:18:52.249Z" },
    { url = "https://files.pythonhosted.org/packages/ea/f1/598503ce8d7e3c35601e0747ba288c7864baae66380725bc12f13f884dfe/pandas-3.0.5-cp314-cp314-manylinux_2_24_aarch64.manylinux_2_28_aarch64.whl", hash = "sha256:960d3ebcf249f75206899fcd2c6de53f736b7265759ced0d3e559df0b8b709b0", size = 10545532, upload-time = "2026-07-22T22:18:54.813Z" },
    { url = "https://files.pythonhosted.org/packages/fa/de/ceae2adf7034e07e9910299fe412e1819c4f0dd520700a888bcb03625448/pandas-3.0.5-cp314-cp314-manylinux_2_24_x86_64.manylinux_2_28_x86_64.whl", hash = "sha256:9e94c2c5ca43bd3ca32bf64d32308887b65e5f9bfd8023ea52755107a999f93b", size = 10963120, upload-time = "2026-07-22T22:18:57.42Z" },
    { url = "https://files.pythonhosted.org/packages/66/25/86e0f4451874eb79e688deeebe3c451fec4557f8952005818d800ee8ac7e/pandas-3.0.5-cp314-cp314-musllinux_1_2_aarch64.whl", hash = "sha256:e819dd5f62966b481a8cb649d3299ebd886a1ea91ed5a99bf7ce77c98d18ab94", size = 11563178, upload-time = "2026-07-22T22:18:59.729Z" },
    { url = "https://files.pythonhosted.org/packages/f3/45/8643daa3b4147e433adfcccefdd0380d3aad79d86b15d8999730fe1944d5/pandas-3.0.5-cp314-cp314-musllinux_1_2_x86_64.whl", hash = "sha256:3c5ed2e7c06e91d340dfd091d7934f9bc82e4a36b95f647f090b9d1c9ac649da", size = 12028708, upload-time = "2026-07-22T22:19:02.164Z" },
    { url = "https://files.pythonhosted.org/packages/96/58/ad979ae617615576e8aafd569c9d4b62f1191d896e38f51d66ba06f3b89a/pandas-3.0.5-cp314-cp314-win_amd64.whl", hash = "sha256:cd8f7c6dc98527058ee6264219343f5392240a6f1bfa654fc5d79023020d0c92", size = 9951806, upload-time = "2026-07-22T22:19:04.596Z" },
    { url = "https://files.pythonhosted.org/packages/69/32/7ac03886b304049a9d2625ee88f59af760d8a93bd30ed9239bce7b9869a8/pandas-3.0.5-cp314-cp314-win_arm64.whl", hash = "sha256:5183427f5a8156d480f30333777bc978be93650a49a7c01db26adffe95b31e85", size = 9238297, upload-time = "2026-07-22T22:19:06.836Z" },
    { url = "https://files.pythonhosted.org/packages/be/ed/1d1f2ee5547d5167face2376d11c8b2a4c7bfff5a416ee7a9046891fab1e/pandas-3.0.5-cp314-cp314t-macosx_10_15_x86_64.whl", hash = "sha256:303da736987d481074ca720ada325f8bd80c64ebc2d45ed79b29df3aaa4a26ca", size = 10849690, upload-time = "2026-07-22T22:19:09.391Z" },
    { url = "https://files.pythonhosted.org/packages/57/55/17e17152e98fbb0c4b1e562bc65387a2f20a80db0f4a86bf8d3a0e4248d4/pandas-3.0.5-cp314-cp314t-macosx_11_0_arm64.whl", hash = "sha256:3b2801bbb049d0136f6c213eae02b5fca969384fc2064dd728d8620552aa49da", size = 10509945, upload-time = "2026-07-22T22:19:11.773Z" },
    { url = "https://files.pythonhosted.org/packages/88/90/817d44dbf83facf9556f33576d9af0a241981e7bb5c00606c0bcb5df8dda/pandas-3.0.5-cp314-cp314t-manylinux_2_24_aarch64.manylinux_2_28_aarch64.whl", hash = "sha256:cce3a9d11d2b1f82c69a27ec1f4948a170e2c403c4bbfa8cca62e3fdebe2ef3a", size = 10392197, upload-time = "2026-07-22T22:19:14.024Z" },
    { url = "https://files.pythonhosted.org/packages/f1/da/889f00c0a6f5aa1545add70abbf01502dff87ab577adb855bd631c54d2f2/pandas-3.0.5-cp314-cp314t-manylinux_2_24_x86_64.manylinux_2_28_x86_64.whl", hash = "sha256:ef01af4d8dc6cd2c8d6c7736f149574ef93fe043811eeb5e445f2647154b5040", size = 10862726, upload-time = "2026-07-22T22:19:16.351Z" },
    { url = "https://files.pythonhosted.org/packages/bc/98/f1e934fb3c98fce859c6147c6785816c7b5b9ab7821115c5d8c4de9842b9/pandas-3.0.5-cp314-cp314t-musllinux_1_2_aarch64.whl", hash = "sha256:e2759e890db96dfcffdbd9b86c3c2cb6afaf58def482820317e06163ec1066cd", size = 11414864, upload-time = "2026-07-22T22:19:18.981Z" },
    { url = "https://files.pythonhosted.org/packages/fe/be/d448af7d657d82e1888dd8551f79c6d6fb161080b5b9752d84d910ec2319/pandas-3.0.5-cp314-cp314t-musllinux_1_2_x86_64.whl", hash = "sha256:b58b1b39d46a5862e3fb18f50d1a201398619d16a0f9f73f57eea5583cf0e63c", size = 11925105, upload-time = "2026-07-22T22:19:21.515Z" },
    { url = "https://files.pythonhosted.org/packages/29/c1/ccb4238212c8c4f496c584f3044d94e0c030ed8e1d68999db46c91c2242f/pandas-3.0.5-cp314-cp314t-win_amd64.whl", hash = "sha256:1c10461f6eeb35d8f05b6184c65c8b9991663b66c46b1d559b682cb34ae7c6ea", size = 10387612, upload-time = "2026-07-22T22:19:24.257Z" },
    { url = "https://files.pythonhosted.org/packages/d2/cf/6a51b2c38980e04c279fd2fa908a1b0982064e860444acfca4ec2e2c8359/pandas-3.0.5-cp314-cp314t-win_arm64.whl", hash = "sha256:3c5015fd1730fbf883647e88068176c839c102cea883ba1769a6f4593bfc1f8c", size = 9509776, upload-time = "2026-07-22T22:19:26.694Z" },
]

[[package]]
name = "pyogrio"
version = "0.13.0"
source = { registry = "https://pypi.org/simple" }
dependencies = [
    { name = "certifi" },
    { name = "numpy" },
    { name = "packaging" },
]
sdist = { url = "https://files.pythonhosted.org/packages/de/3c/d2268615e8b749ba59f278b14a495883562e961fa3ad55a9def222bfbd4a/pyogrio-0.13.0.tar.gz", hash = "sha256:9614f27a1891113f80653e0b76b4233ea1fb3beeb1ac46d118ab22e1670f8f13", size = 313103, upload-time = "2026-06-26T15:30:17.375Z" }
wheels = [
    { url = "https://files.pythonhosted.org/packages/c0/89/76534ad8f01d952ad01002741f8cfac08024035a70952f190b4f7e22325c/pyogrio-0.13.0-cp311-abi3-macosx_12_0_arm64.whl", hash = "sha256:68e6bb9b8b14412311da69679333ad5408c0f9aa5b25d5837bbcba3dfa698109", size = 24666205, upload-time = "2026-06-26T15:29:32.214Z" },
    { url = "https://files.pythonhosted.org/packages/39/58/af3b3a74c8b05ebf49b03303ee24024b9d0272de482867425c8dc93f2820/pyogrio-0.13.0-cp311-abi3-macosx_12_0_x86_64.whl", hash = "sha256:8823f91570c91e66e50cc573bc4722e925b84220ee0c7dc61532438d43c69a95", size = 26063477, upload-time = "2026-06-26T15:29:35.94Z" },
    { url = "https://files.pythonhosted.org/packages/55/30/3e38d8532a33adf15c6465dcd8c1bb2a146dce0da3fd8ba0aa9ec9ba74e4/pyogrio-0.13.0-cp311-abi3-manylinux2014_x86_64.manylinux_2_17_x86_64.whl", hash = "sha256:9e84e7b09b073ee4cc8c35663afcf644b0c17db75ac72c7591dc3864252db461", size = 32246778, upload-time = "2026-06-26T15:29:40.185Z" },
    { url = "https://files.pythonhosted.org/packages/26/96/888ea83c8d0f1e2cc732bea6be94ed0db784cacd99f0248333483be657b3/pyogrio-0.13.0-cp311-abi3-manylinux_2_28_aarch64.whl", hash = "sha256:680842c88b5e678125edd13b15f7187ff3ce7630cadef538887edd3cbe801287", size = 31670710, upload-time = "2026-06-26T15:29:44.328Z" },
    { url = "https://files.pythonhosted.org/packages/20/c2/247c150f5ca12f8593c20e39115db551b18de5c6cb383006de21b57399e4/pyogrio-0.13.0-cp311-abi3-manylinux_2_28_x86_64.whl", hash = "sha256:220a988ce2a26591d6db5c775b07289d4f54cabdf274cc048f0e17a0b9d5be14", size = 33334097, upload-time = "2026-06-26T15:29:48.533Z" },
    { url = "https://files.pythonhosted.org/packages/d2/ba/3757e312a98c428ac5d8b787f3608ae325174ebef6897930a42e21dd057a/pyogrio-0.13.0-cp311-abi3-win_amd64.whl", hash = "sha256:1b91f6d6e6757a6ea84b9459d24f479dcb52bbf4ebcdb16baf39e49d2836a1cf", size = 23824927, upload-time = "2026-06-26T15:29:52.493Z" },
    { url = "https://files.pythonhosted.org/packages/31/56/5b1bf2637903908a5f7a0e068d602d46f3c03a1f860d40e1528bb5cb7b12/pyogrio-0.13.0-cp314-cp314t-macosx_12_0_arm64.whl", hash = "sha256:c86c2abade1219863224297f6fdf8b1817c291596b05b865138065a710ea55c3", size = 24741354, upload-time = "2026-06-26T15:29:55.763Z" },
    { url = "https://files.pythonhosted.org/packages/54/5d/1fed0e8f29c457c6b73893bdc66c1c890fd1344539c665f3a8061e4c0f27/pyogrio-0.13.0-cp314-cp314t-macosx_12_0_x86_64.whl", hash = "sha256:2548f8b84dae89f5e0cc6d406731f09f234b3909426026428733c21c0a7ac49a", size = 26147175, upload-time = "2026-06-26T15:29:59.156Z" },
    { url = "https://files.pythonhosted.org/packages/f4/c5/1e35904ba332e9e4be83ce4b46e6ef72be05525773717ace0940225932c8/pyogrio-0.13.0-cp314-cp314t-manylinux2014_x86_64.manylinux_2_17_x86_64.whl", hash = "sha256:e605494bfea5d40ad4d37df1db1d7cb8950a3135eff9adba2f79673393f31e12", size = 32648289, upload-time = "2026-06-26T15:30:02.704Z" },
    { url = "https://files.pythonhosted.org/packages/32/dc/50e21c4bc15c504fa72313482d4bf6f39d87195180a53e0e0bc422473592/pyogrio-0.13.0-cp314-cp314t-manylinux_2_28_aarch64.whl", hash = "sha256:dc1d91a2174dc7b4b73b68dc9db124ee5ed35c6f1a1d921b8c3dc79c6e73bc99", size = 32260741, upload-time = "2026-06-26T15:30:06.707Z" },
    { url = "https://files.pythonhosted.org/packages/5f/e4/313a967cd27f654cee260719dac2c1992b4fe581183a086dffdc785161d7/pyogrio-0.13.0-cp314-cp314t-manylinux_2_28_x86_64.whl", hash = "sha256:25b0c1a96955c30cd587c024e3e50813ff16a650b4ea41568612842e4078cc59", size = 33840722, upload-time = "2026-06-26T15:30:10.98Z" },
    { url = "https://files.pythonhosted.org/packages/d3/77/5b874829633324c0ae4be45233e0971d8e6e8d9874840940edef315e71e6/pyogrio-0.13.0-cp314-cp314t-win_amd64.whl", hash = "sha256:259cfef6bf5e3060afd5dd00ad5b81175568fc49c6fea7d3be575b7c6feb74fc", size = 24574595, upload-time = "2026-06-26T15:30:14.809Z" },
]

[[package]]
name = "pyproj"
version = "3.8.0"
source = { registry = "https://pypi.org/simple" }
dependencies = [
    { name = "certifi" },
]
sdist = { url = "https://files.pythonhosted.org/packages/c8/29/6598570c90cbfc84ddefc3ccac4aa412bf51a527d72c74cc4fe64a5e6f24/pyproj-3.8.0.tar.gz", hash = "sha256:efa59725bba68bf97fa808b61302df32934acdceb6a5c92a8dd0e71dc266a876", size = 242018, upload-time = "2026-09-05T20:05:09.353Z" }
wheels = [
    { url = "https://files.pythonhosted.org/packages/1f/f0/9eb71bd1a38680e0bed2dafc7bb86893944c389fc4d1e4861411f9bc00a3/pyproj-3.8.0-cp314-cp314-macosx_14_0_arm64.whl", hash = "sha256:ad96cf05cfea67e54c16b2119b29ea60ba3b3562643ed3e8a0ce0ecc55efb50e", size = 4991052, upload-time = "2026-09-05T20:03:49.004Z" },
    { url = "https://files.pythonhosted.org/packages/fa/be/9c9839d8a95b57d6fea342802073886ce58a64b7f6e8f8d58054f2c245a8/pyproj-3.8.0-cp314-cp314-macosx_15_0_x86_64.whl", hash = "sha256:45d3abdf17a26396f86d353b957323d53e5fc9d9558bed311ae3b1bf6665448d", size = 6098992, upload-time = "2026-09-05T20:03:50.961Z" },
    { url = "https://files.pythonhosted.org/packages/81/f5/3dd3d75c124a12a9fb69f607a8c9d3af15439c78d57f0dc8d30edac3342e/pyproj-3.8.0-cp314-cp314-manylinux_2_28_aarch64.whl", hash = "sha256:0b3ba65286a1ea401ca51fd35f2bd375f26fd29d517d5ee980159f9f739b2109", size = 10047009, upload-time = "2026-09-05T20:03:52.921Z" },
    { url = "https://files.pythonhosted.org/packages/15/7e/ccee7d6b307bb635b47dbd96eb3471c3a7d6053b8f903723756f8a3ba00a/pyproj-3.8.0-cp314-cp314-manylinux_2_28_x86_64.whl", hash = "sha256:8cff207c2a92235f79bb2caab29790e1743776e02331143bc5de4224bd695911", size = 9942031, upload-time = "2026-09-05T20:03:55.327Z" },
    { url = "https://files.pythonhosted.org/packages/2b/1d/48a2f7d3242da15a75f6ef3ec33ebb250c4218735ac1ca0144e8fef7274c/pyproj-3.8.0-cp314-cp314-musllinux_1_2_aarch64.whl", hash = "sha256:c9a4e37ce375a87a407e8771475680b757903be59cd41b29e60f90bd56fa6b65", size = 11438119, upload-time = "2026-09-05T20:03:57.875Z" },
    { url = "https://files.pythonhosted.org/packages/c6/f7/4118e918180a6edc9267c2d7635167f96bd3c7fa634442b92cb7210a8298/pyproj-3.8.0-cp314-cp314-musllinux_1_2_x86_64.whl", hash = "sha256:ba53cff2c6e768f1b84844ff621291c5ab89ac8875bd8036ab6065aaf58cdbd9", size = 11408758, upload-time = "2026-09-05T20:04:00.587Z" },
    { url = "https://files.pythonhosted.org/packages/12/80/7b2aa0703cfd676a8c8545286cc58ea62ca647c60059c185f0ba484a6a92/pyproj-3.8.0-cp314-cp314-win32.whl", hash = "sha256:dba62da116d92a724723b6e206d792993486458369f65db2381f43564d0d2984", size = 6405456, upload-time = "2026-09-05T20:04:02.92Z" },
    { url = "https://files.pythonhosted.org/packages/f9/26/058eaa656d4e4c43a2528b51a39f6d4b3082e6eb38731ddab4088a744bc1/pyproj-3.8.0-cp314-cp314-win_amd64.whl", hash = "sha256:653b49e2d5aa87c22c1c32520700ed8f394583a0174a6e69ceb280bdbee1b4e6", size = 6856493, upload-time = "2026-09-05T20:04:05.836Z" },
    { url = "https://files.pythonhosted.org/packages/a5/41/8c7c837c863611745e4ad6d30ef2f64838ac7dd77532934120abb4e280f4/pyproj-3.8.0-cp314-cp314-win_arm64.whl", hash = "sha256:c211c35bd8bbf6693fd2787bf8cb15bbac6fbdbad4f6495e9baf53e84923b1a8", size = 6815331, upload-time = "2026-09-05T20:04:08.149Z" },
    { url = "https://files.pythonhosted.org/packages/29/2a/c187159cdd3c0d77a47008b67848433c7663f6f330fdda31d33994525ba6/pyproj-3.8.0-cp314-cp314t-macosx_14_0_arm64.whl", hash = "sha256:e2129d03506414ff22fa4bc2541100ce3bfd9b6d1d9af805e77631aae04b866b", size = 5034204, upload-time = "2026-09-05T20:04:09.811Z" },
    { url = "https://files.pythonhosted.org/packages/5a/3a/33a116141601104596f8d13fb8475124fffc0b79eba7dea607eed7d479ad/pyproj-3.8.0-cp314-cp314t-macosx_15_0_x86_64.whl", hash = "sha256:1271c631c28c1d646c1e0b890bd691d1c4b736f9745a9d8a00f750fefd77de9c", size = 6124713, upload-time = "2026-09-05T20:04:11.517Z" },
    { url = "https://files.pythonhosted.org/packages/d4/42/c95c4a06f59271be31b893ddc9b55e3a2c0a577ab6a1204bd4047a3a2898/pyproj-3.8.0-cp314-cp314t-manylinux_2_28_aarch64.whl", hash = "sha256:a510721719b9e3f5964ad8235e3530bdd82a38093266ad037ee08f71fb9995e9", size = 10326257, upload-time = "2026-09-05T20:04:13.682Z" },
    { url = "https://files.pythonhosted.org/packages/2e/ef/a23a52a64fd8669a3bb65e6af754f60b3622f30cfd86092007baec3afcdd/pyproj-3.8.0-cp314-cp314t-manylinux_2_28_x86_64.whl", hash = "sha256:faa68c0996bdd3fd997d86c676e758b72a96209ab14b7c5e8b8dcf3b23f85881", size = 10127655, upload-time = "2026-09-05T20:04:16.52Z" },
    { url = "https://files.pythonhosted.org/packages/de/d5/7ce0841f952c44daff8673636e112e07320dcf19d34cb02b830619eafcfd/pyproj-3.8.0-cp314-cp314t-musllinux_1_2_aarch64.whl", hash = "sha256:fe26eb69e78f8b8d30ee67a6a6cfc172dd6085bc2c164a7143568138cb3a5a39", size = 11645798, upload-time = "2026-09-05T20:04:19.251Z" },
    { url = "https://files.pythonhosted.org/packages/e7/23/f921f08d883431d69486e18c127a4b5ad5d4d47ebc530e89ec49faa9e962/pyproj-3.8.0-cp314-cp314t-musllinux_1_2_x86_64.whl", hash = "sha256:2da8c0be5660e4f261bf1e63c1d51a8c503947af1c0a330e15e5cddec7ef1e5c", size = 11569070, upload-time = "2026-09-05T20:04:22.142Z" },
    { url = "https://files.pythonhosted.org/packages/ba/b1/e1a20545949c2dc13c6dfc80593f07c1ba32eb6d5f7134732eb1306c5540/pyproj-3.8.0-cp314-cp314t-win32.whl", hash = "sha256:cb38a247201b26be0a2513262e0014847fba6a28400a921d26f6d23db924e345", size = 6475514, upload-time = "2026-09-05T20:04:24.428Z" },
    { url = "https://files.pythonhosted.org/packages/af/46/b3def124148728753a60e8ce3123aed8fec135fd050304c8aa9917aeeeae/pyproj-3.8.0-cp314-cp314t-win_amd64.whl", hash = "sha256:cd047cfb04e451b95ff8b91f824e641a54944fbf64dfef7946e4e8bad6f3f752", size = 6946924, upload-time = "2026-09-05T20:04:26.276Z" },
    { url = "https://files.pythonhosted.org/packages/66/24/c6b0cd6cb625ebc07aeea9bccca5802d9685ee178e9da8c03baadc035f2e/pyproj-3.8.0-cp314-cp314t-win_arm64.whl", hash = "sha256:a02db72ac71f36d4da337e43e98f59ec216613d1bbc2aa1543a9488f3a2a17cc", size = 6847919, upload-time = "2026-09-05T20:04:28.301Z" },
    { url = "https://files.pythonhosted.org/packages/51/00/2c47781ba80bfbeec612815eee45f7b08c4727d4da4d7853981338ff38d1/pyproj-3.8.0-cp315-cp315-macosx_14_0_arm64.whl", hash = "sha256:54750d95c7aa1cbe78ec7be522ceef9b82b8f6f185d26ca413995a953bf8f1e8", size = 4990032, upload-time = "2026-09-05T20:04:30.104Z" },
    { url = "https://files.pythonhosted.org/packages/ba/5a/d8fb1ceb8044bcacfbe1af15169c5674748228c6f6aa8d036399ecfe856f/pyproj-3.8.0-cp315-cp315-macosx_15_0_x86_64.whl", hash = "sha256:dd5bc46f443466cf18418290ef6b69b604b706b24adf84f2ea1d32e58a2f7209", size = 6097707, upload-time = "2026-09-05T20:04:32.346Z" },
    { url = "https://files.pythonhosted.org/packages/a2/24/0a5d3900c001f23d220ae4babd375f17667a505981be573c270c9952bb8f/pyproj-3.8.0-cp315-cp315-manylinux_2_28_aarch64.whl", hash = "sha256:f6e7aa6b2da0c7ae6b6185cb9769bf2f941c5f9cd0c246e98e04fc6751621eac", size = 10052422, upload-time = "2026-09-05T20:04:34.365Z" },
    { url = "https://files.pythonhosted.org/packages/81/68/3cdb0bc8eb5e30e21e2fadbf090c2a92cb92b92175fe9b76d2c74351cc6f/pyproj-3.8.0-cp315-cp315-manylinux_2_28_x86_64.whl", hash = "sha256:0fb11c0d6a7caa396275012a9bda461ddf2d209cf6edfe53c477fb9c71778672", size = 9950482, upload-time = "2026-09-05T20:04:36.814Z" },
    { url = "https://files.pythonhosted.org/packages/b1/b7/d08c09c7d10aacd7705ef71b8fa8e0aed5b625b3f410038d7a198a81fd48/pyproj-3.8.0-cp315-cp315-musllinux_1_2_aarch64.whl", hash = "sha256:ea85d85e71d03d9b26d3bab78384226ebcfa71ac61bc25fcca5f50a144003575", size = 11443699, upload-time = "2026-09-05T20:04:39.324Z" },
    { url = "https://files.pythonhosted.org/packages/84/12/c24538a68b5d8ec33e1a2fe4d1dc309108bcfbd9991e976e1a8933063500/pyproj-3.8.0-cp315-cp315-musllinux_1_2_x86_64.whl", hash = "sha256:ba88a9b5bfb39a141361e6ccc2a06136383ea2757fbfe3e6df2dd1133ad55304", size = 11410580, upload-time = "2026-09-05T20:04:41.739Z" },
    { url = "https://files.pythonhosted.org/packages/55/13/5bbb11d7d84d4d90b7a5c32c7b48dfaf49a00b04cc1572a92a68e06ae80f/pyproj-3.8.0-cp315-cp315-win32.whl", hash = "sha256:d3a37e54316ebb90f5740aed4728f43cb563109dd4ef610d0a1bc7238666d2a2", size = 6405053, upload-time = "2026-09-05T20:04:43.921Z" },
    { url = "https://files.pythonhosted.org/packages/de/f3/93daa94374eae77a188558cb20b159645eae4fb812fcadd066fc4935d018/pyproj-3.8.0-cp315-cp315-win_amd64.whl", hash = "sha256:d752eaaae639719abdb4d357008b4311c0931977f4ea0f019e79e4176ab243a7", size = 6856131, upload-time = "2026-09-05T20:04:45.619Z" },
    { url = "https://files.pythonhosted.org/packages/78/ce/69d83ccaf270916392e4625fad611e0a72a8fca8287db015f67787c193a5/pyproj-3.8.0-cp315-cp315-win_arm64.whl", hash = "sha256:dde9f238bb08f961c040ce7c6202ad5b841b508ece76eacfd8e18bc202778de7", size = 6815088, upload-time = "2026-09-05T20:04:47.339Z" },
    { url = "https://files.pythonhosted.org/packages/c2/f7/8efd72b1c73377fa41bd161b20a257b33a8497a0fcc1d2073c743622717c/pyproj-3.8.0-cp315-cp315t-macosx_14_0_arm64.whl", hash = "sha256:d31e9ddbd0ffcb65fcd902ab726b26741c9a8e8b90b60844596fd5b67030b39c", size = 5028580, upload-time = "2026-09-05T20:04:49.337Z" },
    { url = "https://files.pythonhosted.org/packages/12/17/9785c98b37e99fe2d67118198b9c379c0883d4b215b1dd1594cd98dc12c7/pyproj-3.8.0-cp315-cp315t-macosx_15_0_x86_64.whl", hash = "sha256:19db3f429013d20d31cfc56b2db44246fe5c33514b320eaef09f71f1762836bb", size = 6118988, upload-time = "2026-09-05T20:04:51.566Z" },
    { url = "https://files.pythonhosted.org/packages/eb/d2/ecfbd0c96dbf1370c4f8931dcee451620e08eb77c1f288b262ee2d962217/pyproj-3.8.0-cp315-cp315t-manylinux_2_28_aarch64.whl", hash = "sha256:f0540dea10339be8bb9f90c95685607b262547c53fa7645eef010965b80c4a90", size = 10316986, upload-time = "2026-09-05T20:04:53.498Z" },
    { url = "https://files.pythonhosted.org/packages/f5/c8/6783f31b178506a8faf55eb4e2f0007c281251a0303d59aa0c9ce9a85a80/pyproj-3.8.0-cp315-cp315t-manylinux_2_28_x86_64.whl", hash = "sha256:1074ab4aac836cb0e211fcf0e36dda7d51126c7ce15062ed9007164c6ae93183", size = 10128479, upload-time = "2026-09-05T20:04:56.441Z" },
    { url = "https://files.pythonhosted.org/packages/fc/03/212cb8445d84d20bca10b9c02516e99793a9b3d645e30892ca343499e9be/pyproj-3.8.0-cp315-cp315t-musllinux_1_2_aarch64.whl", hash = "sha256:c6da4fedc9b86970cca828b871b3fcbf8f9ad2da353b0669445fd8c03c89a9f7", size = 11641773, upload-time = "2026-09-05T20:04:59.129Z" },
    { url = "https://files.pythonhosted.org/packages/5c/fe/7a390eeb54cf3294d23dd6b03435485b4b28e1e6ca9217ce1e0c1941fe1e/pyproj-3.8.0-cp315-cp315t-musllinux_1_2_x86_64.whl", hash = "sha256:79e222f6f8486d0af3ebc5544edecebf396492e38f46500f668c6c389a20e4df", size = 11562250, upload-time = "2026-09-05T20:05:01.817Z" },
    { url = "https://files.pythonhosted.org/packages/ed/7a/faad58c948947b217fcf06f80d308fff27bab5730ad6c9cd4c35bcf8bc90/pyproj-3.8.0-cp315-cp315t-win32.whl", hash = "sha256:0ff22ad49d1f59e18a57384926aabcb0ee8bbe9213e5abe375fd18b1b6ace194", size = 6471511, upload-time = "2026-09-05T20:05:04.113Z" },
    { url = "https://files.pythonhosted.org/packages/cf/a8/5ed4f4042031e13a0fede12e81af1e4143102221c373f966a24f38b0d284/pyproj-3.8.0-cp315-cp315t-win_amd64.whl", hash = "sha256:d5a408b215ef98c9ae19e58ec512360b8ad9b25f8792138f983a58d159ac7157", size = 6940114, upload-time = "2026-09-05T20:05:05.737Z" },
    { url = "https://files.pythonhosted.org/packages/12/14/9c291ad92b565629cf4eacee72cbc8071ca8d93c9d719b47f304b1b2ea76/pyproj-3.8.0-cp315-cp315t-win_arm64.whl", hash = "sha256:bbf8a786ebfa9a904802dfde0e95e1325df8efbb573a19686c1937499a8f04e8", size = 6843958, upload-time = "2026-09-05T20:05:07.527Z" },
]

[[package]]
name = "python-dateutil"
version = "2.9.0.post0"
source = { registry = "https://pypi.org/simple" }
dependencies = [
    { name = "six" },
]
sdist = { url = "https://files.pythonhosted.org/packages/66/c0/0c8b6ad9f17a802ee498c46e004a0eb49bc148f2fd230864601a86dcf6db/python-dateutil-2.9.0.post0.tar.gz", hash = "sha256:37dd54208da7e1cd875388217d5e00ebd4179249f90fb72437e91a35459a0ad3", size = 342432, upload-time = "2024-03-01T18:36:20.211Z" }
wheels = [
    { url = "https://files.pythonhosted.org/packages/ec/57/56b9bcc3c9c6a792fcbaf139543cee77261f3651ca9da0c93f5c1221264b/python_dateutil-2.9.0.post0-py2.py3-none-any.whl", hash = "sha256:a8b2bc7bffae282281c8140a97d3aa9c14da0b136dfe83f850eea9a5f7470427", size = 229892, upload-time = "2024-03-01T18:36:18.57Z" },
]

[[package]]
name = "shapely"
version = "2.1.2"
source = { registry = "https://pypi.org/simple" }
dependencies = [
    { name = "numpy" },
]
sdist = { url = "https://files.pythonhosted.org/packages/4d/bc/0989043118a27cccb4e906a46b7565ce36ca7b57f5a18b78f4f1b0f72d9d/shapely-2.1.2.tar.gz", hash = "sha256:2ed4ecb28320a433db18a5bf029986aa8afcfd740745e78847e330d5d94922a9", size = 315489, upload-time = "2025-09-24T13:51:41.432Z" }
wheels = [
    { url = "https://files.pythonhosted.org/packages/fc/c4/3ce4c2d9b6aabd27d26ec988f08cb877ba9e6e96086eff81bfea93e688c7/shapely-2.1.2-cp314-cp314-macosx_10_13_x86_64.whl", hash = "sha256:9a522f460d28e2bf4e12396240a5fc1518788b2fcd73535166d748399ef0c223", size = 1831290, upload-time = "2025-09-24T13:51:13.56Z" },
    { url = "https://files.pythonhosted.org/packages/17/b9/f6ab8918fc15429f79cb04afa9f9913546212d7fb5e5196132a2af46676b/shapely-2.1.2-cp314-cp314-macosx_11_0_arm64.whl", hash = "sha256:1ff629e00818033b8d71139565527ced7d776c269a49bd78c9df84e8f852190c", size = 1641463, upload-time = "2025-09-24T13:51:14.972Z" },
    { url = "https://files.pythonhosted.org/packages/a5/57/91d59ae525ca641e7ac5551c04c9503aee6f29b92b392f31790fcb1a4358/shapely-2.1.2-cp314-cp314-manylinux2014_aarch64.manylinux_2_17_aarch64.whl", hash = "sha256:f67b34271dedc3c653eba4e3d7111aa421d5be9b4c4c7d38d30907f796cb30df", size = 2970145, upload-time = "2025-09-24T13:51:16.961Z" },
    { url = "https://files.pythonhosted.org/packages/8a/cb/4948be52ee1da6927831ab59e10d4c29baa2a714f599f1f0d1bc747f5777/shapely-2.1.2-cp314-cp314-manylinux2014_x86_64.manylinux_2_17_x86_64.whl", hash = "sha256:21952dc00df38a2c28375659b07a3979d22641aeb104751e769c3ee825aadecf", size = 3073806, upload-time = "2025-09-24T13:51:18.712Z" },
    { url = "https://files.pythonhosted.org/packages/03/83/f768a54af775eb41ef2e7bec8a0a0dbe7d2431c3e78c0a8bdba7ab17e446/shapely-2.1.2-cp314-cp314-musllinux_1_2_aarch64.whl", hash = "sha256:1f2f33f486777456586948e333a56ae21f35ae273be99255a191f5c1fa302eb4", size = 3980803, upload-time = "2025-09-24T13:51:20.37Z" },
    { url = "https://files.pythonhosted.org/packages/9f/cb/559c7c195807c91c79d38a1f6901384a2878a76fbdf3f1048893a9b7534d/shapely-2.1.2-cp314-cp314-musllinux_1_2_x86_64.whl", hash = "sha256:cf831a13e0d5a7eb519e96f58ec26e049b1fad411fc6fc23b162a7ce04d9cffc", size = 4133301, upload-time = "2025-09-24T13:51:21.887Z" },
    { url = "https://files.pythonhosted.org/packages/80/cd/60d5ae203241c53ef3abd2ef27c6800e21afd6c94e39db5315ea0cbafb4a/shapely-2.1.2-cp314-cp314-win32.whl", hash = "sha256:61edcd8d0d17dd99075d320a1dd39c0cb9616f7572f10ef91b4b5b00c4aeb566", size = 1583247, upload-time = "2025-09-24T13:51:23.401Z" },
    { url = "https://files.pythonhosted.org/packages/74/d4/135684f342e909330e50d31d441ace06bf83c7dc0777e11043f99167b123/shapely-2.1.2-cp314-cp314-win_amd64.whl", hash = "sha256:a444e7afccdb0999e203b976adb37ea633725333e5b119ad40b1ca291ecf311c", size = 1773019, upload-time = "2025-09-24T13:51:24.873Z" },
    { url = "https://files.pythonhosted.org/packages/a3/05/a44f3f9f695fa3ada22786dc9da33c933da1cbc4bfe876fe3a100bafe263/shapely-2.1.2-cp314-cp314t-macosx_10_13_x86_64.whl", hash = "sha256:5ebe3f84c6112ad3d4632b1fd2290665aa75d4cef5f6c5d77c4c95b324527c6a", size = 1834137, upload-time = "2025-09-24T13:51:26.665Z" },
    { url = "https://files.pythonhosted.org/packages/52/7e/4d57db45bf314573427b0a70dfca15d912d108e6023f623947fa69f39b72/shapely-2.1.2-cp314-cp314t-macosx_11_0_arm64.whl", hash = "sha256:5860eb9f00a1d49ebb14e881f5caf6c2cf472c7fd38bd7f253bbd34f934eb076", size = 1642884, upload-time = "2025-09-24T13:51:28.029Z" },
    { url = "https://files.pythonhosted.org/packages/5a/27/4e29c0a55d6d14ad7422bf86995d7ff3f54af0eba59617eb95caf84b9680/shapely-2.1.2-cp314-cp314t-manylinux2014_aarch64.manylinux_2_17_aarch64.whl", hash = "sha256:b705c99c76695702656327b819c9660768ec33f5ce01fa32b2af62b56ba400a1", size = 3018320, upload-time = "2025-09-24T13:51:29.903Z" },
    { url = "https://files.pythonhosted.org/packages/9f/bb/992e6a3c463f4d29d4cd6ab8963b75b1b1040199edbd72beada4af46bde5/shapely-2.1.2-cp314-cp314t-manylinux2014_x86_64.manylinux_2_17_x86_64.whl", hash = "sha256:a1fd0ea855b2cf7c9cddaf25543e914dd75af9de08785f20ca3085f2c9ca60b0", size = 3094931, upload-time = "2025-09-24T13:51:32.699Z" },
    { url = "https://files.pythonhosted.org/packages/9c/16/82e65e21070e473f0ed6451224ed9fa0be85033d17e0c6e7213a12f59d12/shapely-2.1.2-cp314-cp314t-musllinux_1_2_aarch64.whl", hash = "sha256:df90e2db118c3671a0754f38e36802db75fe0920d211a27481daf50a711fdf26", size = 4030406, upload-time = "2025-09-24T13:51:34.189Z" },
    { url = "https://files.pythonhosted.org/packages/7c/75/c24ed871c576d7e2b64b04b1fe3d075157f6eb54e59670d3f5ffb36e25c7/shapely-2.1.2-cp314-cp314t-musllinux_1_2_x86_64.whl", hash = "sha256:361b6d45030b4ac64ddd0a26046906c8202eb60d0f9f53085f5179f1d23021a0", size = 4169511, upload-time = "2025-09-24T13:51:36.297Z" },
    { url = "https://files.pythonhosted.org/packages/b1/f7/b3d1d6d18ebf55236eec1c681ce5e665742aab3c0b7b232720a7d43df7b6/shapely-2.1.2-cp314-cp314t-win32.whl", hash = "sha256:b54df60f1fbdecc8ebc2c5b11870461a6417b3d617f555e5033f1505d36e5735", size = 1602607, upload-time = "2025-09-24T13:51:37.757Z" },
    { url = "https://files.pythonhosted.org/packages/9a/f6/f09272a71976dfc138129b8faf435d064a811ae2f708cb147dccdf7aacdb/shapely-2.1.2-cp314-cp314t-win_amd64.whl", hash = "sha256:0036ac886e0923417932c2e6369b6c52e38e0ff5d9120b90eef5cd9a5fc5cae9", size = 1796682, upload-time = "2025-09-24T13:51:39.233Z" },
]

[[package]]
name = "six"
version = "1.17.0"
source = { registry = "https://pypi.org/simple" }
sdist = { url = "https://files.pythonhosted.org/packages/94/e7/b2c673351809dca68a0e064b6af791aa332cf192da575fd474ed7d6f16a2/six-1.17.0.tar.gz", hash = "sha256:ff70335d468e7eb6ec65b95b99d3a2836546063f63acc5171de367e834932a81", size = 34031, upload-time = "2024-12-04T17:35:28.174Z" }
wheels = [
    { url = "https://files.pythonhosted.org/packages/b7/ce/149a00dd41f10bc29e5921b496af8b574d8413afcd5e30dfa0ed46c2cc5e/six-1.17.0-py2.py3-none-any.whl", hash = "sha256:4721f391ed90541fddacab5acf947aa0d3dc7d27b2e1e8eda2be8970586c3274", size = 11050, upload-time = "2024-12-04T17:35:26.475Z" },
]

[[package]]
name = "tzdata"
version = "2026.3"
source = { registry = "https://pypi.org/simple" }
sdist = { url = "https://files.pythonhosted.org/packages/92/ff/5a28bdfd8c3ebec42564ac7d0e54ca3db65044a9314a97f9564fa7a1e926/tzdata-2026.3.tar.gz", hash = "sha256:4a1518b8993086a7982523e071643f3c0e5f213e75b21318e78bcabfff9d1415", size = 198674, upload-time = "2026-07-10T08:50:37.887Z" }
wheels = [
    { url = "https://files.pythonhosted.org/packages/e5/6d/b53b99a9f2766d095985947a5782f1702cabb129a34f7a802d7197af832f/tzdata-2026.3-py2.py3-none-any.whl", hash = "sha256:dc096730c87af6cab1b171c9d532be840741ff5d459015e7f6947bd7d7e54931", size = 348168, upload-time = "2026-07-10T08:50:36.46Z" },
]
